
Microsoft Visual Studio Solution File, Format Version 12.00
# Visual Studio Version 16
VisualStudioVersion = 16.0.28803.352
MinimumVisualStudioVersion = 10.0.40219.1
Project("{FAE04EC0-301F-11D3-BF4B-00C04F79EFBC}") = "AutoChessExpCalculator", "AutoChessExpCalculator\AutoChessExpCalculator.csproj", "{DF2B6D87-BD97-4B30-A4E7-CA831E039B9F}"
EndProject
Project("{FAE04EC0-301F-11D3-BF4B-00C04F79EFBC}") = "Sandbox", "Sandbox\Sandbox.csproj", "{B78B7560-CDE7-4BA4-903C-1256F9A292E4}"
EndProject
Global
	GlobalSection(SolutionConfigurationPlatforms) = preSolution
		Debug|Any CPU = Debug|Any CPU
		Release|Any CPU = Release|Any CPU
	EndGlobalSection
	GlobalSection(ProjectConfigurationPlatforms) = postSolution
		{DF2B6D87-BD97-4B30-A4E7-CA831E039B9F}.Debug|Any CPU.ActiveCfg = Debug|Any CPU
		{DF2B6D87-BD97-4B30-A4E7-CA831E039B9F}.Debug|Any CPU.Build.0 = Debug|Any CPU
		{DF2B6D87-BD97-4B30-A4E7-CA831E039B9F}.Release|Any CPU.ActiveCfg = Release|Any CPU
		{DF2B6D87-BD97-4B30-A4E7-CA831E039B9F}.Release|Any CPU.Build.0 = Release|Any CPU
		{B78B7560-CDE7-4BA4-903C-1256F9A292E4}.Debug|Any CPU.ActiveCfg = Debug|Any CPU
		{B78B7560-CDE7-4BA4-903C-1256F9A292E4}.Debug|Any CPU.Build.0 = Debug|Any CPU
		{B78B7560-CDE7-4BA4-903C-1256F9A292E4}.Release|Any CPU.ActiveCfg = Release|Any CPU
		{B78B7560-CDE7-4BA4-903C-1256F9A292E4}.Release|Any CPU.Build.0 = Release|Any CPU
	EndGlobalSection
	GlobalSection(SolutionProperties) = preSolution
		HideSolutionNode = FALSE
	EndGlobalSection
	GlobalSection(ExtensibilityGlobals) = postSolution
		SolutionGuid = {ED995BBB-812A-4419-B6B3-F8EFECA7891A}
	EndGlobalSection
EndGlobal
